
Microsoft Visual Studio Solution File, Format Version 12.00
# Visual Studio Version 17
VisualStudioVersion = 17.1.32228.430
MinimumVisualStudioVersion = 10.0.40219.1
Project("{9A19103F-16F7-4668-BE54-9A1E7A4F7556}") = "CarsAPI", "CarsAPI.csproj", "{34503B0F-F4B4-4BC5-9A04-4B043EAB4278}"
EndProject
Project("{2150E333-8FDC-42A3-9474-1A3956D46DE8}") = "src", "src", "{87DEF9F1-3303-4254-99CB-107FE3DEA93B}"
EndProject
Project("{9A19103F-16F7-4668-BE54-9A1E7A4F7556}") = "Common", "..\Common\Common.csproj", "{AF21EE59-8DF9-4102-B313-F97461973EC0}"
EndProject
Project("{2150E333-8FDC-42A3-9474-1A3956D46DE8}") = "armtemplates", "armtemplates", "{7724E945-4E70-47B6-8DE5-99A503ABE8BA}"
	ProjectSection(SolutionItems) = preProject
		..\..\armtemplates\1AppServicePlan.json = ..\..\armtemplates\1AppServicePlan.json
		..\..\armtemplates\1AppServicePlan.parameters.json = ..\..\armtemplates\1AppServicePlan.parameters.json
		..\..\armtemplates\2AppService.json = ..\..\armtemplates\2AppService.json
		..\..\armtemplates\2AppService.parameters.json = ..\..\armtemplates\2AppService.parameters.json
		..\..\armtemplates\3SQLServer.json = ..\..\armtemplates\3SQLServer.json
		..\..\armtemplates\3SQLServer.parameters.json = ..\..\armtemplates\3SQLServer.parameters.json
		..\..\armtemplates\4SQLDb.json = ..\..\armtemplates\4SQLDb.json
		..\..\armtemplates\4SQLDb.parameters.json = ..\..\armtemplates\4SQLDb.parameters.json
		..\..\armtemplates\5AppServiceMang.json = ..\..\armtemplates\5AppServiceMang.json
		..\..\armtemplates\5AppServiceMang.parameters.json = ..\..\armtemplates\5AppServiceMang.parameters.json
	EndProjectSection
EndProject
Project("{2150E333-8FDC-42A3-9474-1A3956D46DE8}") = "sql", "sql", "{5101CF2D-A2AA-4B25-9B71-124600F00A7C}"
	ProjectSection(SolutionItems) = preProject
		initial_migration.sql = initial_migration.sql
	EndProjectSection
EndProject
Project("{2150E333-8FDC-42A3-9474-1A3956D46DE8}") = "test", "test", "{F9F36E96-AC9E-4C9B-8D6B-64C0580236B2}"
EndProject
Project("{2150E333-8FDC-42A3-9474-1A3956D46DE8}") = "CarsAPI.Test", "CarsAPI.Test", "{1385248B-2CFC-4FE1-B859-B1E15C630E3D}"
EndProject
Project("{2150E333-8FDC-42A3-9474-1A3956D46DE8}") = "Common.Test", "Common.Test", "{4EEAF67F-A83C-4B62-97BE-0620EDF7D6D3}"
EndProject
Project("{9A19103F-16F7-4668-BE54-9A1E7A4F7556}") = "CarsAPI.Test", "..\..\test\CarsAPI.Test\CarsAPI.Test.csproj", "{F9807855-219B-4F23-AD36-3F8770935359}"
EndProject
Project("{9A19103F-16F7-4668-BE54-9A1E7A4F7556}") = "Common.Test", "..\..\test\Common.Test\Common.Test.csproj", "{7E43A64B-4131-4173-A48F-FC3F570F794A}"
EndProject
Global
	GlobalSection(SolutionConfigurationPlatforms) = preSolution
		Debug|Any CPU = Debug|Any CPU
		Release|Any CPU = Release|Any CPU
	EndGlobalSection
	GlobalSection(ProjectConfigurationPlatforms) = postSolution
		{34503B0F-F4B4-4BC5-9A04-4B043EAB4278}.Debug|Any CPU.ActiveCfg = Debug|Any CPU
		{34503B0F-F4B4-4BC5-9A04-4B043EAB4278}.Debug|Any CPU.Build.0 = Debug|Any CPU
		{34503B0F-F4B4-4BC5-9A04-4B043EAB4278}.Release|Any CPU.ActiveCfg = Release|Any CPU
		{34503B0F-F4B4-4BC5-9A04-4B043EAB4278}.Release|Any CPU.Build.0 = Release|Any CPU
		{AF21EE59-8DF9-4102-B313-F97461973EC0}.Debug|Any CPU.ActiveCfg = Debug|Any CPU
		{AF21EE59-8DF9-4102-B313-F97461973EC0}.Debug|Any CPU.Build.0 = Debug|Any CPU
		{AF21EE59-8DF9-4102-B313-F97461973EC0}.Release|Any CPU.ActiveCfg = Release|Any CPU
		{AF21EE59-8DF9-4102-B313-F97461973EC0}.Release|Any CPU.Build.0 = Release|Any CPU
		{F9807855-219B-4F23-AD36-3F8770935359}.Debug|Any CPU.ActiveCfg = Debug|Any CPU
		{F9807855-219B-4F23-AD36-3F8770935359}.Debug|Any CPU.Build.0 = Debug|Any CPU
		{F9807855-219B-4F23-AD36-3F8770935359}.Release|Any CPU.ActiveCfg = Release|Any CPU
		{F9807855-219B-4F23-AD36-3F8770935359}.Release|Any CPU.Build.0 = Release|Any CPU
		{7E43A64B-4131-4173-A48F-FC3F570F794A}.Debug|Any CPU.ActiveCfg = Debug|Any CPU
		{7E43A64B-4131-4173-A48F-FC3F570F794A}.Debug|Any CPU.Build.0 = Debug|Any CPU
		{7E43A64B-4131-4173-A48F-FC3F570F794A}.Release|Any CPU.ActiveCfg = Release|Any CPU
		{7E43A64B-4131-4173-A48F-FC3F570F794A}.Release|Any CPU.Build.0 = Release|Any CPU
	EndGlobalSection
	GlobalSection(SolutionProperties) = preSolution
		HideSolutionNode = FALSE
	EndGlobalSection
	GlobalSection(NestedProjects) = preSolution
		{34503B0F-F4B4-4BC5-9A04-4B043EAB4278} = {87DEF9F1-3303-4254-99CB-107FE3DEA93B}
		{AF21EE59-8DF9-4102-B313-F97461973EC0} = {87DEF9F1-3303-4254-99CB-107FE3DEA93B}
		{1385248B-2CFC-4FE1-B859-B1E15C630E3D} = {F9F36E96-AC9E-4C9B-8D6B-64C0580236B2}
		{4EEAF67F-A83C-4B62-97BE-0620EDF7D6D3} = {F9F36E96-AC9E-4C9B-8D6B-64C0580236B2}
		{F9807855-219B-4F23-AD36-3F8770935359} = {1385248B-2CFC-4FE1-B859-B1E15C630E3D}
		{7E43A64B-4131-4173-A48F-FC3F570F794A} = {4EEAF67F-A83C-4B62-97BE-0620EDF7D6D3}
	EndGlobalSection
	GlobalSection(ExtensibilityGlobals) = postSolution
		SolutionGuid = {EB1EA95E-DBF3-466D-9AD8-F737DD805FB8}
	EndGlobalSection
EndGlobal
