
Microsoft Visual Studio Solution File, Format Version 12.00
# Visual Studio Version 17
VisualStudioVersion = 17.2.32519.379
MinimumVisualStudioVersion = 10.0.40219.1
Project("{9A19103F-16F7-4668-BE54-9A1E7A4F7556}") = "Common", "Common.csproj", "{8517AACB-0A68-4B40-BCAC-B14E4F4091B9}"
EndProject
Global
	GlobalSection(SolutionConfigurationPlatforms) = preSolution
		Debug|Any CPU = Debug|Any CPU
		Release|Any CPU = Release|Any CPU
	EndGlobalSection
	GlobalSection(ProjectConfigurationPlatforms) = postSolution
		{8517AACB-0A68-4B40-BCAC-B14E4F4091B9}.Debug|Any CPU.ActiveCfg = Debug|Any CPU
		{8517AACB-0A68-4B40-BCAC-B14E4F4091B9}.Debug|Any CPU.Build.0 = Debug|Any CPU
		{8517AACB-0A68-4B40-BCAC-B14E4F4091B9}.Release|Any CPU.ActiveCfg = Release|Any CPU
		{8517AACB-0A68-4B40-BCAC-B14E4F4091B9}.Release|Any CPU.Build.0 = Release|Any CPU
	EndGlobalSection
	GlobalSection(SolutionProperties) = preSolution
		HideSolutionNode = FALSE
	EndGlobalSection
	GlobalSection(ExtensibilityGlobals) = postSolution
		SolutionGuid = {AAA9EECC-0BD7-4E18-80FB-702FF4093D19}
	EndGlobalSection
EndGlobal
